
Microsoft Visual Studio Solution File, Format Version 12.00
# Visual Studio Version 16
VisualStudioVersion = 16.0.29009.5
MinimumVisualStudioVersion = 10.0.40219.1
Project("{FAE04EC0-301F-11D3-BF4B-00C04F79EFBC}") = "DaHua", "DaHua.csproj", "{2309001B-1A68-494C-98B6-5DCA92E17592}"
EndProject
Global
	GlobalSection(SolutionConfigurationPlatforms) = preSolution
		Debug|Any CPU = Debug|Any CPU
		Release|Any CPU = Release|Any CPU
	EndGlobalSection
	GlobalSection(ProjectConfigurationPlatforms) = postSolution
		{2309001B-1A68-494C-98B6-5DCA92E17592}.Debug|Any CPU.ActiveCfg = Debug|Any CPU
		{2309001B-1A68-494C-98B6-5DCA92E17592}.Debug|Any CPU.Build.0 = Debug|Any CPU
		{2309001B-1A68-494C-98B6-5DCA92E17592}.Release|Any CPU.ActiveCfg = Release|Any CPU
		{2309001B-1A68-494C-98B6-5DCA92E17592}.Release|Any CPU.Build.0 = Release|Any CPU
	EndGlobalSection
	GlobalSection(SolutionProperties) = preSolution
		HideSolutionNode = FALSE
	EndGlobalSection
	GlobalSection(ExtensibilityGlobals) = postSolution
		SolutionGuid = {BEAC80E0-3CED-4BAA-BEBF-37AC2601B9CA}
	EndGlobalSection
EndGlobal
